
Microsoft Visual Studio Solution File, Format Version 12.00
# Visual Studio Version 17
VisualStudioVersion = 17.5.33627.172
MinimumVisualStudioVersion = 10.0.40219.1
Project("{FAE04EC0-301F-11D3-BF4B-00C04F79EFBC}") = "SecHex-GUI", "SecHex-GUI\SecHex-GUI.csproj", "{354CC656-AADF-4AA1-A1F3-095D6BE50C3E}"
EndProject
Global
	GlobalSection(SolutionConfigurationPlatforms) = preSolution
		Debug|Any CPU = Debug|Any CPU
		Release|Any CPU = Release|Any CPU
	EndGlobalSection
	GlobalSection(ProjectConfigurationPlatforms) = postSolution
		{354CC656-AADF-4AA1-A1F3-095D6BE50C3E}.Debug|Any CPU.ActiveCfg = Debug|Any CPU
		{354CC656-AADF-4AA1-A1F3-095D6BE50C3E}.Debug|Any CPU.Build.0 = Debug|Any CPU
		{354CC656-AADF-4AA1-A1F3-095D6BE50C3E}.Release|Any CPU.ActiveCfg = Release|Any CPU
		{354CC656-AADF-4AA1-A1F3-095D6BE50C3E}.Release|Any CPU.Build.0 = Release|Any CPU
	EndGlobalSection
	GlobalSection(SolutionProperties) = preSolution
		HideSolutionNode = FALSE
	EndGlobalSection
	GlobalSection(ExtensibilityGlobals) = postSolution
		SolutionGuid = {1D140366-7FBC-4795-A601-F9DE514BA431}
	EndGlobalSection
EndGlobal
